
Microsoft Visual Studio Solution File, Format Version 12.00
# Visual Studio Version 16
VisualStudioVersion = 16.0.29709.97
MinimumVisualStudioVersion = 10.0.40219.1
Project("{9A19103F-16F7-4668-BE54-9A1E7A4F7556}") = "TaxiFareCalculator", "TaxiFareCalculator.csproj", "{98F2AF3C-D8DF-4269-92A5-5451D22C586E}"
EndProject
Global
	GlobalSection(SolutionConfigurationPlatforms) = preSolution
		Debug|Any CPU = Debug|Any CPU
		Release|Any CPU = Release|Any CPU
	EndGlobalSection
	GlobalSection(ProjectConfigurationPlatforms) = postSolution
		{98F2AF3C-D8DF-4269-92A5-5451D22C586E}.Debug|Any CPU.ActiveCfg = Debug|Any CPU
		{98F2AF3C-D8DF-4269-92A5-5451D22C586E}.Debug|Any CPU.Build.0 = Debug|Any CPU
		{98F2AF3C-D8DF-4269-92A5-5451D22C586E}.Release|Any CPU.ActiveCfg = Release|Any CPU
		{98F2AF3C-D8DF-4269-92A5-5451D22C586E}.Release|Any CPU.Build.0 = Release|Any CPU
	EndGlobalSection
	GlobalSection(SolutionProperties) = preSolution
		HideSolutionNode = FALSE
	EndGlobalSection
	GlobalSection(ExtensibilityGlobals) = postSolution
		SolutionGuid = {C37C1A6E-7358-4D17-8C09-46D50007A8AF}
	EndGlobalSection
EndGlobal
